
Microsoft Visual Studio Solution File, Format Version 12.00
# Visual Studio 15
VisualStudioVersion = 15.0.26430.16
MinimumVisualStudioVersion = 10.0.40219.1
Project("{FAE04EC0-301F-11D3-BF4B-00C04F79EFBC}") = "ParseXmlMenu", "ParseXmlMenu\ParseXmlMenu.csproj", "{07297E48-754D-4278-80D4-C48FD3989337}"
EndProject
Global
	GlobalSection(SolutionConfigurationPlatforms) = preSolution
		Debug|Any CPU = Debug|Any CPU
		Release|Any CPU = Release|Any CPU
	EndGlobalSection
	GlobalSection(ProjectConfigurationPlatforms) = postSolution
		{07297E48-754D-4278-80D4-C48FD3989337}.Debug|Any CPU.ActiveCfg = Debug|Any CPU
		{07297E48-754D-4278-80D4-C48FD3989337}.Debug|Any CPU.Build.0 = Debug|Any CPU
		{07297E48-754D-4278-80D4-C48FD3989337}.Release|Any CPU.ActiveCfg = Release|Any CPU
		{07297E48-754D-4278-80D4-C48FD3989337}.Release|Any CPU.Build.0 = Release|Any CPU
	EndGlobalSection
	GlobalSection(SolutionProperties) = preSolution
		HideSolutionNode = FALSE
	EndGlobalSection
EndGlobal
